
Microsoft Visual Studio Solution File, Format Version 12.00
# Visual Studio Version 17
VisualStudioVersion = 17.5.33516.290
MinimumVisualStudioVersion = 10.0.40219.1
Project("{FAE04EC0-301F-11D3-BF4B-00C04F79EFBC}") = "ReflectionDemo", "ReflectionDemo\ReflectionDemo.csproj", "{4A7F18B0-91D5-43F1-8272-C6C6F996A6D8}"
EndProject
Project("{FAE04EC0-301F-11D3-BF4B-00C04F79EFBC}") = "PrintAll", "PrintAll\PrintAll.csproj", "{31C1AEF9-5A06-4A4F-BE16-D6693CCE5548}"
EndProject
Global
	GlobalSection(SolutionConfigurationPlatforms) = preSolution
		Debug|Any CPU = Debug|Any CPU
		Release|Any CPU = Release|Any CPU
	EndGlobalSection
	GlobalSection(ProjectConfigurationPlatforms) = postSolution
		{4A7F18B0-91D5-43F1-8272-C6C6F996A6D8}.Debug|Any CPU.ActiveCfg = Debug|Any CPU
		{4A7F18B0-91D5-43F1-8272-C6C6F996A6D8}.Debug|Any CPU.Build.0 = Debug|Any CPU
		{4A7F18B0-91D5-43F1-8272-C6C6F996A6D8}.Release|Any CPU.ActiveCfg = Release|Any CPU
		{4A7F18B0-91D5-43F1-8272-C6C6F996A6D8}.Release|Any CPU.Build.0 = Release|Any CPU
		{31C1AEF9-5A06-4A4F-BE16-D6693CCE5548}.Debug|Any CPU.ActiveCfg = Debug|Any CPU
		{31C1AEF9-5A06-4A4F-BE16-D6693CCE5548}.Debug|Any CPU.Build.0 = Debug|Any CPU
		{31C1AEF9-5A06-4A4F-BE16-D6693CCE5548}.Release|Any CPU.ActiveCfg = Release|Any CPU
		{31C1AEF9-5A06-4A4F-BE16-D6693CCE5548}.Release|Any CPU.Build.0 = Release|Any CPU
	EndGlobalSection
	GlobalSection(SolutionProperties) = preSolution
		HideSolutionNode = FALSE
	EndGlobalSection
	GlobalSection(ExtensibilityGlobals) = postSolution
		SolutionGuid = {7CF868E8-4304-4153-9CFC-8FF95F214B46}
	EndGlobalSection
EndGlobal
